
Microsoft Visual Studio Solution File, Format Version 12.00
# Visual Studio 15
VisualStudioVersion = 15.0.28307.168
MinimumVisualStudioVersion = 10.0.40219.1
Project("{FAE04EC0-301F-11D3-BF4B-00C04F79EFBC}") = "Task 2.1 Forms", "Task 2.1 Forms\Task 2.1 Forms.csproj", "{817708A5-3839-4EDA-A5EF-4091D610B999}"
EndProject
Global
	GlobalSection(SolutionConfigurationPlatforms) = preSolution
		Debug|Any CPU = Debug|Any CPU
		Release|Any CPU = Release|Any CPU
	EndGlobalSection
	GlobalSection(ProjectConfigurationPlatforms) = postSolution
		{817708A5-3839-4EDA-A5EF-4091D610B999}.Debug|Any CPU.ActiveCfg = Debug|Any CPU
		{817708A5-3839-4EDA-A5EF-4091D610B999}.Debug|Any CPU.Build.0 = Debug|Any CPU
		{817708A5-3839-4EDA-A5EF-4091D610B999}.Release|Any CPU.ActiveCfg = Release|Any CPU
		{817708A5-3839-4EDA-A5EF-4091D610B999}.Release|Any CPU.Build.0 = Release|Any CPU
	EndGlobalSection
	GlobalSection(SolutionProperties) = preSolution
		HideSolutionNode = FALSE
	EndGlobalSection
	GlobalSection(ExtensibilityGlobals) = postSolution
		SolutionGuid = {89123085-5933-4758-A385-5D25A24A605A}
	EndGlobalSection
EndGlobal
